
Microsoft Visual Studio Solution File, Format Version 11.00
# Visual Studio 2010
Project("{FAE04EC0-301F-11D3-BF4B-00C04F79EFBC}") = "Sharpcraft", "Sharpcraft\Sharpcraft.csproj", "{BF8396CA-EFC5-4D99-8F43-9504D3927614}"
EndProject
Project("{FAE04EC0-301F-11D3-BF4B-00C04F79EFBC}") = "Sharpcraft.Content", "Sharpcraft.Content\Sharpcraft.Content.contentproj", "{710A3BC6-FD38-4B2A-92A6-558D79553473}"
EndProject
Project("{FAE04EC0-301F-11D3-BF4B-00C04F79EFBC}") = "Sharpcraft.Steam", "Sharpcraft.Steam\Sharpcraft.Steam.csproj", "{C3DF80BE-E42E-4CE2-9CA0-EBA36EFAD79F}"
EndProject
Project("{2150E333-8FDC-42A3-9474-1A3956D46DE8}") = "Solution Items", "Solution Items", "{EFCE1283-8A9D-4233-AC10-9C49071A67B6}"
<<<<<<< HEAD
=======
	ProjectSection(SolutionItems) = preProject
		.gitignore = .gitignore
		COPYING = COPYING
		README.md = README.md
	EndProjectSection
>>>>>>> 64a42e1f261131fd1596e748f057f00e58112ce3
EndProject
Project("{FAE04EC0-301F-11D3-BF4B-00C04F79EFBC}") = "Sharpcraft.Forms", "Sharpcraft.Forms\Sharpcraft.Forms.csproj", "{5B58612A-455C-4A60-8B2C-196F274E7EBA}"
EndProject
Project("{FAE04EC0-301F-11D3-BF4B-00C04F79EFBC}") = "Sharpcraft.Networking", "Sharpcraft.Networking\Sharpcraft.Networking.csproj", "{6B60AF16-B510-4D54-BC50-CC232B6826AE}"
EndProject
Project("{FAE04EC0-301F-11D3-BF4B-00C04F79EFBC}") = "Sharpcraft.Logging", "Sharpcraft.Logging\Sharpcraft.Logging.csproj", "{6F2B8AE1-CE58-43C1-8E5F-66537E543172}"
EndProject
Project("{2150E333-8FDC-42A3-9474-1A3956D46DE8}") = "lib", "lib", "{5AF1004D-E333-45B5-96AB-723DC06D8058}"
EndProject
Project("{2150E333-8FDC-42A3-9474-1A3956D46DE8}") = "OpenSteamWorks", "OpenSteamWorks", "{037E2F06-2BE2-4572-8C9F-13F73FA791CA}"
	ProjectSection(SolutionItems) = preProject
		lib\OpenSteamWorks\Steam4NET.dll = lib\OpenSteamWorks\Steam4NET.dll
	EndProjectSection
EndProject
Project("{2150E333-8FDC-42A3-9474-1A3956D46DE8}") = "log4net", "log4net", "{F386CBDF-AB1A-420C-B932-240B5FE290A0}"
	ProjectSection(SolutionItems) = preProject
		lib\log4net\log4net.dll = lib\log4net\log4net.dll
		lib\log4net\log4net.xml = lib\log4net\log4net.xml
		lib\log4net\log4net_license.txt = lib\log4net\log4net_license.txt
	EndProjectSection
EndProject
Project("{7CF6DF6D-3B04-46F8-A40B-537D21BCA0B4}") = "Sharpcraft.Documentation", "Sharpcraft.Documentation\Sharpcraft.Documentation.shfbproj", "{D4AC8811-A6DB-4722-9B82-9534FB3D9F40}"
EndProject
Project("{FAE04EC0-301F-11D3-BF4B-00C04F79EFBC}") = "Sharpcraft.Library", "Sharpcraft.Library\Sharpcraft.Library.csproj", "{5742ED23-A3B3-4303-95C2-B755A5A01D5D}"
EndProject
Project("{FAE04EC0-301F-11D3-BF4B-00C04F79EFBC}") = "Sharpcraft.Devtools", "Sharpcraft.Devtools\Sharpcraft.Devtools.csproj", "{8487D5D6-DBAE-4ED2-97EC-5ACCE7C637D9}"
EndProject
Project("{2150E333-8FDC-42A3-9474-1A3956D46DE8}") = "data", "data", "{D6275296-90AF-4F6B-B5FC-EFE28EB1F800}"
EndProject
Project("{2150E333-8FDC-42A3-9474-1A3956D46DE8}") = "minecraft", "minecraft", "{123CC25E-E77E-4B8B-B65F-9E3477754FEF}"
	ProjectSection(SolutionItems) = preProject
		data\minecraft\items.list = data\minecraft\items.list
	EndProjectSection
EndProject
Global
	GlobalSection(SolutionConfigurationPlatforms) = preSolution
		Debug|Any CPU = Debug|Any CPU
		Debug|Mixed Platforms = Debug|Mixed Platforms
		Debug|x86 = Debug|x86
		Release|Any CPU = Release|Any CPU
		Release|Mixed Platforms = Release|Mixed Platforms
		Release|x86 = Release|x86
	EndGlobalSection
	GlobalSection(ProjectConfigurationPlatforms) = postSolution
		{BF8396CA-EFC5-4D99-8F43-9504D3927614}.Debug|Any CPU.ActiveCfg = Debug|x86
		{BF8396CA-EFC5-4D99-8F43-9504D3927614}.Debug|Any CPU.Build.0 = Debug|x86
		{BF8396CA-EFC5-4D99-8F43-9504D3927614}.Debug|Mixed Platforms.ActiveCfg = Debug|x86
		{BF8396CA-EFC5-4D99-8F43-9504D3927614}.Debug|Mixed Platforms.Build.0 = Debug|x86
		{BF8396CA-EFC5-4D99-8F43-9504D3927614}.Debug|x86.ActiveCfg = Debug|x86
		{BF8396CA-EFC5-4D99-8F43-9504D3927614}.Debug|x86.Build.0 = Debug|x86
		{BF8396CA-EFC5-4D99-8F43-9504D3927614}.Release|Any CPU.ActiveCfg = Release|x86
		{BF8396CA-EFC5-4D99-8F43-9504D3927614}.Release|Any CPU.Build.0 = Release|x86
		{BF8396CA-EFC5-4D99-8F43-9504D3927614}.Release|Mixed Platforms.ActiveCfg = Release|x86
		{BF8396CA-EFC5-4D99-8F43-9504D3927614}.Release|Mixed Platforms.Build.0 = Release|x86
		{BF8396CA-EFC5-4D99-8F43-9504D3927614}.Release|x86.ActiveCfg = Release|x86
		{BF8396CA-EFC5-4D99-8F43-9504D3927614}.Release|x86.Build.0 = Release|x86
		{710A3BC6-FD38-4B2A-92A6-558D79553473}.Debug|Any CPU.ActiveCfg = Debug|x86
		{710A3BC6-FD38-4B2A-92A6-558D79553473}.Debug|Mixed Platforms.ActiveCfg = Debug|x86
		{710A3BC6-FD38-4B2A-92A6-558D79553473}.Debug|x86.ActiveCfg = Debug|x86
		{710A3BC6-FD38-4B2A-92A6-558D79553473}.Release|Any CPU.ActiveCfg = Release|x86
		{710A3BC6-FD38-4B2A-92A6-558D79553473}.Release|Mixed Platforms.ActiveCfg = Release|x86
		{710A3BC6-FD38-4B2A-92A6-558D79553473}.Release|x86.ActiveCfg = Release|x86
		{C3DF80BE-E42E-4CE2-9CA0-EBA36EFAD79F}.Debug|Any CPU.ActiveCfg = Debug|Any CPU
		{C3DF80BE-E42E-4CE2-9CA0-EBA36EFAD79F}.Debug|Any CPU.Build.0 = Debug|Any CPU
		{C3DF80BE-E42E-4CE2-9CA0-EBA36EFAD79F}.Debug|Mixed Platforms.ActiveCfg = Debug|Any CPU
		{C3DF80BE-E42E-4CE2-9CA0-EBA36EFAD79F}.Debug|Mixed Platforms.Build.0 = Debug|Any CPU
		{C3DF80BE-E42E-4CE2-9CA0-EBA36EFAD79F}.Debug|x86.ActiveCfg = Debug|Any CPU
		{C3DF80BE-E42E-4CE2-9CA0-EBA36EFAD79F}.Debug|x86.Build.0 = Debug|Any CPU
		{C3DF80BE-E42E-4CE2-9CA0-EBA36EFAD79F}.Release|Any CPU.ActiveCfg = Release|Any CPU
		{C3DF80BE-E42E-4CE2-9CA0-EBA36EFAD79F}.Release|Any CPU.Build.0 = Release|Any CPU
		{C3DF80BE-E42E-4CE2-9CA0-EBA36EFAD79F}.Release|Mixed Platforms.ActiveCfg = Release|Any CPU
		{C3DF80BE-E42E-4CE2-9CA0-EBA36EFAD79F}.Release|Mixed Platforms.Build.0 = Release|Any CPU
		{C3DF80BE-E42E-4CE2-9CA0-EBA36EFAD79F}.Release|x86.ActiveCfg = Release|Any CPU
		{C3DF80BE-E42E-4CE2-9CA0-EBA36EFAD79F}.Release|x86.Build.0 = Release|Any CPU
		{5B58612A-455C-4A60-8B2C-196F274E7EBA}.Debug|Any CPU.ActiveCfg = Debug|x86
		{5B58612A-455C-4A60-8B2C-196F274E7EBA}.Debug|Any CPU.Build.0 = Debug|x86
		{5B58612A-455C-4A60-8B2C-196F274E7EBA}.Debug|Mixed Platforms.ActiveCfg = Debug|x86
		{5B58612A-455C-4A60-8B2C-196F274E7EBA}.Debug|Mixed Platforms.Build.0 = Debug|x86
		{5B58612A-455C-4A60-8B2C-196F274E7EBA}.Debug|x86.ActiveCfg = Debug|x86
		{5B58612A-455C-4A60-8B2C-196F274E7EBA}.Debug|x86.Build.0 = Debug|x86
		{5B58612A-455C-4A60-8B2C-196F274E7EBA}.Release|Any CPU.ActiveCfg = Release|x86
		{5B58612A-455C-4A60-8B2C-196F274E7EBA}.Release|Any CPU.Build.0 = Release|x86
		{5B58612A-455C-4A60-8B2C-196F274E7EBA}.Release|Mixed Platforms.ActiveCfg = Release|x86
		{5B58612A-455C-4A60-8B2C-196F274E7EBA}.Release|Mixed Platforms.Build.0 = Release|x86
		{5B58612A-455C-4A60-8B2C-196F274E7EBA}.Release|x86.ActiveCfg = Release|x86
		{5B58612A-455C-4A60-8B2C-196F274E7EBA}.Release|x86.Build.0 = Release|x86
		{6B60AF16-B510-4D54-BC50-CC232B6826AE}.Debug|Any CPU.ActiveCfg = Debug|Any CPU
		{6B60AF16-B510-4D54-BC50-CC232B6826AE}.Debug|Any CPU.Build.0 = Debug|Any CPU
		{6B60AF16-B510-4D54-BC50-CC232B6826AE}.Debug|Mixed Platforms.ActiveCfg = Debug|Any CPU
		{6B60AF16-B510-4D54-BC50-CC232B6826AE}.Debug|Mixed Platforms.Build.0 = Debug|Any CPU
		{6B60AF16-B510-4D54-BC50-CC232B6826AE}.Debug|x86.ActiveCfg = Debug|Any CPU
		{6B60AF16-B510-4D54-BC50-CC232B6826AE}.Debug|x86.Build.0 = Debug|Any CPU
		{6B60AF16-B510-4D54-BC50-CC232B6826AE}.Release|Any CPU.ActiveCfg = Release|Any CPU
		{6B60AF16-B510-4D54-BC50-CC232B6826AE}.Release|Any CPU.Build.0 = Release|Any CPU
		{6B60AF16-B510-4D54-BC50-CC232B6826AE}.Release|Mixed Platforms.ActiveCfg = Release|Any CPU
		{6B60AF16-B510-4D54-BC50-CC232B6826AE}.Release|Mixed Platforms.Build.0 = Release|Any CPU
		{6B60AF16-B510-4D54-BC50-CC232B6826AE}.Release|x86.ActiveCfg = Release|Any CPU
		{6B60AF16-B510-4D54-BC50-CC232B6826AE}.Release|x86.Build.0 = Release|Any CPU
		{6F2B8AE1-CE58-43C1-8E5F-66537E543172}.Debug|Any CPU.ActiveCfg = Debug|Any CPU
		{6F2B8AE1-CE58-43C1-8E5F-66537E543172}.Debug|Any CPU.Build.0 = Debug|Any CPU
		{6F2B8AE1-CE58-43C1-8E5F-66537E543172}.Debug|Mixed Platforms.ActiveCfg = Debug|Any CPU
		{6F2B8AE1-CE58-43C1-8E5F-66537E543172}.Debug|Mixed Platforms.Build.0 = Debug|Any CPU
		{6F2B8AE1-CE58-43C1-8E5F-66537E543172}.Debug|x86.ActiveCfg = Debug|Any CPU
		{6F2B8AE1-CE58-43C1-8E5F-66537E543172}.Debug|x86.Build.0 = Debug|Any CPU
		{6F2B8AE1-CE58-43C1-8E5F-66537E543172}.Release|Any CPU.ActiveCfg = Release|Any CPU
		{6F2B8AE1-CE58-43C1-8E5F-66537E543172}.Release|Any CPU.Build.0 = Release|Any CPU
		{6F2B8AE1-CE58-43C1-8E5F-66537E543172}.Release|Mixed Platforms.ActiveCfg = Release|Any CPU
		{6F2B8AE1-CE58-43C1-8E5F-66537E543172}.Release|Mixed Platforms.Build.0 = Release|Any CPU
		{6F2B8AE1-CE58-43C1-8E5F-66537E543172}.Release|x86.ActiveCfg = Release|Any CPU
		{6F2B8AE1-CE58-43C1-8E5F-66537E543172}.Release|x86.Build.0 = Release|Any CPU
		{D4AC8811-A6DB-4722-9B82-9534FB3D9F40}.Debug|Any CPU.ActiveCfg = Debug|Any CPU
		{D4AC8811-A6DB-4722-9B82-9534FB3D9F40}.Debug|Mixed Platforms.ActiveCfg = Debug|Any CPU
		{D4AC8811-A6DB-4722-9B82-9534FB3D9F40}.Debug|x86.ActiveCfg = Debug|Any CPU
		{D4AC8811-A6DB-4722-9B82-9534FB3D9F40}.Release|Any CPU.ActiveCfg = Release|Any CPU
		{D4AC8811-A6DB-4722-9B82-9534FB3D9F40}.Release|Mixed Platforms.ActiveCfg = Release|Any CPU
		{D4AC8811-A6DB-4722-9B82-9534FB3D9F40}.Release|x86.ActiveCfg = Release|Any CPU
		{5742ED23-A3B3-4303-95C2-B755A5A01D5D}.Debug|Any CPU.ActiveCfg = Debug|x86
		{5742ED23-A3B3-4303-95C2-B755A5A01D5D}.Debug|Mixed Platforms.ActiveCfg = Debug|x86
		{5742ED23-A3B3-4303-95C2-B755A5A01D5D}.Debug|Mixed Platforms.Build.0 = Debug|x86
		{5742ED23-A3B3-4303-95C2-B755A5A01D5D}.Debug|x86.ActiveCfg = Debug|x86
		{5742ED23-A3B3-4303-95C2-B755A5A01D5D}.Debug|x86.Build.0 = Debug|x86
		{5742ED23-A3B3-4303-95C2-B755A5A01D5D}.Release|Any CPU.ActiveCfg = Release|x86
		{5742ED23-A3B3-4303-95C2-B755A5A01D5D}.Release|Mixed Platforms.ActiveCfg = Release|x86
		{5742ED23-A3B3-4303-95C2-B755A5A01D5D}.Release|Mixed Platforms.Build.0 = Release|x86
		{5742ED23-A3B3-4303-95C2-B755A5A01D5D}.Release|x86.ActiveCfg = Release|x86
		{5742ED23-A3B3-4303-95C2-B755A5A01D5D}.Release|x86.Build.0 = Release|x86
		{8487D5D6-DBAE-4ED2-97EC-5ACCE7C637D9}.Debug|Any CPU.ActiveCfg = Debug|x86
		{8487D5D6-DBAE-4ED2-97EC-5ACCE7C637D9}.Debug|Mixed Platforms.ActiveCfg = Debug|x86
		{8487D5D6-DBAE-4ED2-97EC-5ACCE7C637D9}.Debug|Mixed Platforms.Build.0 = Debug|x86
		{8487D5D6-DBAE-4ED2-97EC-5ACCE7C637D9}.Debug|x86.ActiveCfg = Debug|x86
		{8487D5D6-DBAE-4ED2-97EC-5ACCE7C637D9}.Debug|x86.Build.0 = Debug|x86
		{8487D5D6-DBAE-4ED2-97EC-5ACCE7C637D9}.Release|Any CPU.ActiveCfg = Release|x86
		{8487D5D6-DBAE-4ED2-97EC-5ACCE7C637D9}.Release|Mixed Platforms.ActiveCfg = Release|x86
		{8487D5D6-DBAE-4ED2-97EC-5ACCE7C637D9}.Release|Mixed Platforms.Build.0 = Release|x86
		{8487D5D6-DBAE-4ED2-97EC-5ACCE7C637D9}.Release|x86.ActiveCfg = Release|x86
		{8487D5D6-DBAE-4ED2-97EC-5ACCE7C637D9}.Release|x86.Build.0 = Release|x86
	EndGlobalSection
	GlobalSection(SolutionProperties) = preSolution
		HideSolutionNode = FALSE
	EndGlobalSection
	GlobalSection(NestedProjects) = preSolution
		{037E2F06-2BE2-4572-8C9F-13F73FA791CA} = {5AF1004D-E333-45B5-96AB-723DC06D8058}
		{F386CBDF-AB1A-420C-B932-240B5FE290A0} = {5AF1004D-E333-45B5-96AB-723DC06D8058}
		{123CC25E-E77E-4B8B-B65F-9E3477754FEF} = {D6275296-90AF-4F6B-B5FC-EFE28EB1F800}
	EndGlobalSection
	GlobalSection(ExtensibilityGlobals) = postSolution
		BuildVersion_BuildVersioningStyle = None.None.Increment.TimeStamp
		BuildVersion_UpdateAssemblyVersion = False
		BuildVersion_UpdateFileVersion = False
	EndGlobalSection
EndGlobal
